{
  "name": "VanityGeneratorFunction",
  "version": "2.0.0",
  "lockfileVersion": 1,
  "requires": true,
  "dependencies": {
    "awesome-phonenumber": {
      "version": "2.64.0",
      "resolved": "https://registry.npmjs.org/awesome-phonenumber/-/awesome-phonenumber-2.64.0.tgz",
      "integrity": "sha512-mwnZcIv8b/Iy1yn7NrmA1s3C0OBZ4EEgZjCBExS6Vo9rfRLLQoq0leozHqzrnWzDYiFW22X4gxH3rSbMmu9vrA=="
    },
    "check-word": {
      "version": "1.1.0",
      "resolved": "https://registry.npmjs.org/check-word/-/check-word-1.1.0.tgz",
      "integrity": "sha1-StXBFButGXTOR/0RdvnUNpAXxHU="
    },
    "libphonenumber-js": {
      "version": "1.9.39",
      "resolved": "https://registry.npmjs.org/libphonenumber-js/-/libphonenumber-js-1.9.39.tgz",
      "integrity": "sha512-TxYz/Ii7mjkocKGKmFHhsTAvvcxr4AY3yUlZzZ2z7HC4DPRrNlzJ9n32/SMogqsyFOXLMXQPCkCInNRbiVaEPA=="
    }
  }
}
